// !$*UTF8*$!
{
	archiveVersion = 1;
	classes = {
	};
	objectVersion = 56;
	objects = {

/* Begin PBXBuildFile section */
		C24796EB2B66CF8A0036EB22 /* NetworkManager.swift in Sources */ = {isa = PBXBuildFile; fileRef = C24796EA2B66CF8A0036EB22 /* NetworkManager.swift */; };
		C24796EE2B66D03E0036EB22 /* MealAPI.swift in Sources */ = {isa = PBXBuildFile; fileRef = C24796ED2B66D03E0036EB22 /* MealAPI.swift */; };
		C24796F12B67ADE10036EB22 /* MealListResponse.swift in Sources */ = {isa = PBXBuildFile; fileRef = C24796F02B67ADE10036EB22 /* MealListResponse.swift */; };
		C24796F52B67E1A20036EB22 /* UIViewController+Ext.swift in Sources */ = {isa = PBXBuildFile; fileRef = C24796F42B67E1A20036EB22 /* UIViewController+Ext.swift */; };
		C2A0833C2B6A7CE7007573F0 /* MealService.swift in Sources */ = {isa = PBXBuildFile; fileRef = C2A0833B2B6A7CE7007573F0 /* MealService.swift */; };
		C2C7E3D72B63DE7100BE8374 /* AppDelegate.swift in Sources */ = {isa = PBXBuildFile; fileRef = C2C7E3D62B63DE7100BE8374 /* AppDelegate.swift */; };
		C2C7E3D92B63DE7100BE8374 /* SceneDelegate.swift in Sources */ = {isa = PBXBuildFile; fileRef = C2C7E3D82B63DE7100BE8374 /* SceneDelegate.swift */; };
		C2C7E3E02B63DE7300BE8374 /* Assets.xcassets in Resources */ = {isa = PBXBuildFile; fileRef = C2C7E3DF2B63DE7300BE8374 /* Assets.xcassets */; };
		C2C7E3E32B63DE7300BE8374 /* LaunchScreen.storyboard in Resources */ = {isa = PBXBuildFile; fileRef = C2C7E3E12B63DE7300BE8374 /* LaunchScreen.storyboard */; };
		C2C7E3EE2B63DE7300BE8374 /* RecipeRoamerTests.swift in Sources */ = {isa = PBXBuildFile; fileRef = C2C7E3ED2B63DE7300BE8374 /* RecipeRoamerTests.swift */; };
		C2C7E3F82B63DE7300BE8374 /* RecipeRoamerUITests.swift in Sources */ = {isa = PBXBuildFile; fileRef = C2C7E3F72B63DE7300BE8374 /* RecipeRoamerUITests.swift */; };
		C2C7E3FA2B63DE7300BE8374 /* RecipeRoamerUITestsLaunchTests.swift in Sources */ = {isa = PBXBuildFile; fileRef = C2C7E3F92B63DE7300BE8374 /* RecipeRoamerUITestsLaunchTests.swift */; };
		C2C7E40B2B63E03500BE8374 /* UIView+Ext.swift in Sources */ = {isa = PBXBuildFile; fileRef = C2C7E40A2B63E03500BE8374 /* UIView+Ext.swift */; };
		C2C7E40E2B63E13A00BE8374 /* Moya in Frameworks */ = {isa = PBXBuildFile; productRef = C2C7E40D2B63E13A00BE8374 /* Moya */; };
		C2C7E4112B63E18200BE8374 /* Kingfisher in Frameworks */ = {isa = PBXBuildFile; productRef = C2C7E4102B63E18200BE8374 /* Kingfisher */; };
		C2C7E4142B63E19E00BE8374 /* JGProgressHUD in Frameworks */ = {isa = PBXBuildFile; productRef = C2C7E4132B63E19E00BE8374 /* JGProgressHUD */; };
		C2C7E4252B63EC0D00BE8374 /* MealListViewController.swift in Sources */ = {isa = PBXBuildFile; fileRef = C2C7E4242B63EC0D00BE8374 /* MealListViewController.swift */; };
		C2C7E4272B63EFA500BE8374 /* MealListInteractor.swift in Sources */ = {isa = PBXBuildFile; fileRef = C2C7E4262B63EFA500BE8374 /* MealListInteractor.swift */; };
		C2C7E4292B63EFB000BE8374 /* MealListPresenter.swift in Sources */ = {isa = PBXBuildFile; fileRef = C2C7E4282B63EFB000BE8374 /* MealListPresenter.swift */; };
		C2C7E42B2B63F2AB00BE8374 /* Meal.swift in Sources */ = {isa = PBXBuildFile; fileRef = C2C7E42A2B63F2AB00BE8374 /* Meal.swift */; };
		C2C7E42D2B63F2BB00BE8374 /* MealListRouter.swift in Sources */ = {isa = PBXBuildFile; fileRef = C2C7E42C2B63F2BB00BE8374 /* MealListRouter.swift */; };
		C2C7E42F2B63F2C200BE8374 /* MealListBuilder.swift in Sources */ = {isa = PBXBuildFile; fileRef = C2C7E42E2B63F2C200BE8374 /* MealListBuilder.swift */; };
		C2C7E4322B63F37900BE8374 /* MealCollectionViewCell.swift in Sources */ = {isa = PBXBuildFile; fileRef = C2C7E4312B63F37900BE8374 /* MealCollectionViewCell.swift */; };
		C2C7E4342B6402C900BE8374 /* MealListView.swift in Sources */ = {isa = PBXBuildFile; fileRef = C2C7E4332B6402C900BE8374 /* MealListView.swift */; };
		C2C7E4362B65461200BE8374 /* MealRecipeView.swift in Sources */ = {isa = PBXBuildFile; fileRef = C2C7E4352B65461200BE8374 /* MealRecipeView.swift */; };
		C2C7E4382B65462500BE8374 /* MealRecipeViewController.swift in Sources */ = {isa = PBXBuildFile; fileRef = C2C7E4372B65462500BE8374 /* MealRecipeViewController.swift */; };
		C2C7E43A2B65463A00BE8374 /* MealRecipeInteractor.swift in Sources */ = {isa = PBXBuildFile; fileRef = C2C7E4392B65463A00BE8374 /* MealRecipeInteractor.swift */; };
		C2C7E43C2B65464A00BE8374 /* MealRecipePresenter.swift in Sources */ = {isa = PBXBuildFile; fileRef = C2C7E43B2B65464A00BE8374 /* MealRecipePresenter.swift */; };
		C2C7E43E2B65466100BE8374 /* MealRecipeBuilder.swift in Sources */ = {isa = PBXBuildFile; fileRef = C2C7E43D2B65466100BE8374 /* MealRecipeBuilder.swift */; };
		C2C7E4412B6563F700BE8374 /* MealRecipeHeaderView.swift in Sources */ = {isa = PBXBuildFile; fileRef = C2C7E4402B6563F700BE8374 /* MealRecipeHeaderView.swift */; };
/* End PBXBuildFile section */

/* Begin PBXContainerItemProxy section */
		C2C7E3EA2B63DE7300BE8374 /* PBXContainerItemProxy */ = {
			isa = PBXContainerItemProxy;
			containerPortal = C2C7E3CB2B63DE7100BE8374 /* Project object */;
			proxyType = 1;
			remoteGlobalIDString = C2C7E3D22B63DE7100BE8374;
			remoteInfo = RecipeRoamer;
		};
		C2C7E3F42B63DE7300BE8374 /* PBXContainerItemProxy */ = {
			isa = PBXContainerItemProxy;
			containerPortal = C2C7E3CB2B63DE7100BE8374 /* Project object */;
			proxyType = 1;
			remoteGlobalIDString = C2C7E3D22B63DE7100BE8374;
			remoteInfo = RecipeRoamer;
		};
/* End PBXContainerItemProxy section */

/* Begin PBXFileReference section */
		C24796EA2B66CF8A0036EB22 /* NetworkManager.swift */ = {isa = PBXFileReference; lastKnownFileType = sourcecode.swift; path = NetworkManager.swift; sourceTree = "<group>"; };
		C24796ED2B66D03E0036EB22 /* MealAPI.swift */ = {isa = PBXFileReference; lastKnownFileType = sourcecode.swift; path = MealAPI.swift; sourceTree = "<group>"; };
		C24796F02B67ADE10036EB22 /* MealListResponse.swift */ = {isa = PBXFileReference; lastKnownFileType = sourcecode.swift; path = MealListResponse.swift; sourceTree = "<group>"; };
		C24796F42B67E1A20036EB22 /* UIViewController+Ext.swift */ = {isa = PBXFileReference; lastKnownFileType = sourcecode.swift; path = "UIViewController+Ext.swift"; sourceTree = "<group>"; };
		C2A0833B2B6A7CE7007573F0 /* MealService.swift */ = {isa = PBXFileReference; lastKnownFileType = sourcecode.swift; path = MealService.swift; sourceTree = "<group>"; };
		C2C7E3D32B63DE7100BE8374 /* RecipeRoamer.app */ = {isa = PBXFileReference; explicitFileType = wrapper.application; includeInIndex = 0; path = RecipeRoamer.app; sourceTree = BUILT_PRODUCTS_DIR; };
		C2C7E3D62B63DE7100BE8374 /* AppDelegate.swift */ = {isa = PBXFileReference; lastKnownFileType = sourcecode.swift; path = AppDelegate.swift; sourceTree = "<group>"; };
		C2C7E3D82B63DE7100BE8374 /* SceneDelegate.swift */ = {isa = PBXFileReference; lastKnownFileType = sourcecode.swift; path = SceneDelegate.swift; sourceTree = "<group>"; };
		C2C7E3DF2B63DE7300BE8374 /* Assets.xcassets */ = {isa = PBXFileReference; lastKnownFileType = folder.assetcatalog; path = Assets.xcassets; sourceTree = "<group>"; };
		C2C7E3E22B63DE7300BE8374 /* Base */ = {isa = PBXFileReference; lastKnownFileType = file.storyboard; name = Base; path = Base.lproj/LaunchScreen.storyboard; sourceTree = "<group>"; };
		C2C7E3E42B63DE7300BE8374 /* Info.plist */ = {isa = PBXFileReference; lastKnownFileType = text.plist.xml; path = Info.plist; sourceTree = "<group>"; };
		C2C7E3E92B63DE7300BE8374 /* RecipeRoamerTests.xctest */ = {isa = PBXFileReference; explicitFileType = wrapper.cfbundle; includeInIndex = 0; path = RecipeRoamerTests.xctest; sourceTree = BUILT_PRODUCTS_DIR; };
		C2C7E3ED2B63DE7300BE8374 /* RecipeRoamerTests.swift */ = {isa = PBXFileReference; lastKnownFileType = sourcecode.swift; path = RecipeRoamerTests.swift; sourceTree = "<group>"; };
		C2C7E3F32B63DE7300BE8374 /* RecipeRoamerUITests.xctest */ = {isa = PBXFileReference; explicitFileType = wrapper.cfbundle; includeInIndex = 0; path = RecipeRoamerUITests.xctest; sourceTree = BUILT_PRODUCTS_DIR; };
		C2C7E3F72B63DE7300BE8374 /* RecipeRoamerUITests.swift */ = {isa = PBXFileReference; lastKnownFileType = sourcecode.swift; path = RecipeRoamerUITests.swift; sourceTree = "<group>"; };
		C2C7E3F92B63DE7300BE8374 /* RecipeRoamerUITestsLaunchTests.swift */ = {isa = PBXFileReference; lastKnownFileType = sourcecode.swift; path = RecipeRoamerUITestsLaunchTests.swift; sourceTree = "<group>"; };
		C2C7E40A2B63E03500BE8374 /* UIView+Ext.swift */ = {isa = PBXFileReference; lastKnownFileType = sourcecode.swift; path = "UIView+Ext.swift"; sourceTree = "<group>"; };
		C2C7E4242B63EC0D00BE8374 /* MealListViewController.swift */ = {isa = PBXFileReference; lastKnownFileType = sourcecode.swift; path = MealListViewController.swift; sourceTree = "<group>"; };
		C2C7E4262B63EFA500BE8374 /* MealListInteractor.swift */ = {isa = PBXFileReference; lastKnownFileType = sourcecode.swift; path = MealListInteractor.swift; sourceTree = "<group>"; };
		C2C7E4282B63EFB000BE8374 /* MealListPresenter.swift */ = {isa = PBXFileReference; lastKnownFileType = sourcecode.swift; path = MealListPresenter.swift; sourceTree = "<group>"; };
		C2C7E42A2B63F2AB00BE8374 /* Meal.swift */ = {isa = PBXFileReference; lastKnownFileType = sourcecode.swift; path = Meal.swift; sourceTree = "<group>"; };
		C2C7E42C2B63F2BB00BE8374 /* MealListRouter.swift */ = {isa = PBXFileReference; lastKnownFileType = sourcecode.swift; path = MealListRouter.swift; sourceTree = "<group>"; };
		C2C7E42E2B63F2C200BE8374 /* MealListBuilder.swift */ = {isa = PBXFileReference; lastKnownFileType = sourcecode.swift; path = MealListBuilder.swift; sourceTree = "<group>"; };
		C2C7E4312B63F37900BE8374 /* MealCollectionViewCell.swift */ = {isa = PBXFileReference; lastKnownFileType = sourcecode.swift; path = MealCollectionViewCell.swift; sourceTree = "<group>"; };
		C2C7E4332B6402C900BE8374 /* MealListView.swift */ = {isa = PBXFileReference; lastKnownFileType = sourcecode.swift; path = MealListView.swift; sourceTree = "<group>"; };
		C2C7E4352B65461200BE8374 /* MealRecipeView.swift */ = {isa = PBXFileReference; lastKnownFileType = sourcecode.swift; path = MealRecipeView.swift; sourceTree = "<group>"; };
		C2C7E4372B65462500BE8374 /* MealRecipeViewController.swift */ = {isa = PBXFileReference; lastKnownFileType = sourcecode.swift; path = MealRecipeViewController.swift; sourceTree = "<group>"; };
		C2C7E4392B65463A00BE8374 /* MealRecipeInteractor.swift */ = {isa = PBXFileReference; lastKnownFileType = sourcecode.swift; path = MealRecipeInteractor.swift; sourceTree = "<group>"; };
		C2C7E43B2B65464A00BE8374 /* MealRecipePresenter.swift */ = {isa = PBXFileReference; lastKnownFileType = sourcecode.swift; path = MealRecipePresenter.swift; sourceTree = "<group>"; };
		C2C7E43D2B65466100BE8374 /* MealRecipeBuilder.swift */ = {isa = PBXFileReference; lastKnownFileType = sourcecode.swift; path = MealRecipeBuilder.swift; sourceTree = "<group>"; };
		C2C7E4402B6563F700BE8374 /* MealRecipeHeaderView.swift */ = {isa = PBXFileReference; lastKnownFileType = sourcecode.swift; path = MealRecipeHeaderView.swift; sourceTree = "<group>"; };
/* End PBXFileReference section */

/* Begin PBXFrameworksBuildPhase section */
		C2C7E3D02B63DE7100BE8374 /* Frameworks */ = {
			isa = PBXFrameworksBuildPhase;
			buildActionMask = 2147483647;
			files = (
				C2C7E4112B63E18200BE8374 /* Kingfisher in Frameworks */,
				C2C7E4142B63E19E00BE8374 /* JGProgressHUD in Frameworks */,
				C2C7E40E2B63E13A00BE8374 /* Moya in Frameworks */,
			);
			runOnlyForDeploymentPostprocessing = 0;
		};
		C2C7E3E62B63DE7300BE8374 /* Frameworks */ = {
			isa = PBXFrameworksBuildPhase;
			buildActionMask = 2147483647;
			files = (
			);
			runOnlyForDeploymentPostprocessing = 0;
		};
		C2C7E3F02B63DE7300BE8374 /* Frameworks */ = {
			isa = PBXFrameworksBuildPhase;
			buildActionMask = 2147483647;
			files = (
			);
			runOnlyForDeploymentPostprocessing = 0;
		};
/* End PBXFrameworksBuildPhase section */

/* Begin PBXGroup section */
		C24796E92B66CF250036EB22 /* API */ = {
			isa = PBXGroup;
			children = (
				C2A0833A2B6A7C7D007573F0 /* Services */,
				C24796EC2B66D0240036EB22 /* Targets */,
			);
			path = API;
			sourceTree = "<group>";
		};
		C24796EC2B66D0240036EB22 /* Targets */ = {
			isa = PBXGroup;
			children = (
				C24796ED2B66D03E0036EB22 /* MealAPI.swift */,
			);
			path = Targets;
			sourceTree = "<group>";
		};
		C24796EF2B67AD5B0036EB22 /* Models */ = {
			isa = PBXGroup;
			children = (
				C24796F02B67ADE10036EB22 /* MealListResponse.swift */,
			);
			path = Models;
			sourceTree = "<group>";
		};
		C2A0833A2B6A7C7D007573F0 /* Services */ = {
			isa = PBXGroup;
			children = (
				C24796EA2B66CF8A0036EB22 /* NetworkManager.swift */,
				C2A0833B2B6A7CE7007573F0 /* MealService.swift */,
			);
			path = Services;
			sourceTree = "<group>";
		};
		C2C7E3CA2B63DE7100BE8374 = {
			isa = PBXGroup;
			children = (
				C2C7E3D52B63DE7100BE8374 /* RecipeRoamer */,
				C2C7E3EC2B63DE7300BE8374 /* RecipeRoamerTests */,
				C2C7E3F62B63DE7300BE8374 /* RecipeRoamerUITests */,
				C2C7E3D42B63DE7100BE8374 /* Products */,
			);
			sourceTree = "<group>";
		};
		C2C7E3D42B63DE7100BE8374 /* Products */ = {
			isa = PBXGroup;
			children = (
				C2C7E3D32B63DE7100BE8374 /* RecipeRoamer.app */,
				C2C7E3E92B63DE7300BE8374 /* RecipeRoamerTests.xctest */,
				C2C7E3F32B63DE7300BE8374 /* RecipeRoamerUITests.xctest */,
			);
			name = Products;
			sourceTree = "<group>";
		};
		C2C7E3D52B63DE7100BE8374 /* RecipeRoamer */ = {
			isa = PBXGroup;
			children = (
				C2C7E4062B63DF7B00BE8374 /* App */,
				C24796E92B66CF250036EB22 /* API */,
				C24796EF2B67AD5B0036EB22 /* Models */,
				C2C7E4152B63E1FE00BE8374 /* Modules */,
				C2C7E4072B63DF8500BE8374 /* Recources */,
				C2C7E4082B63DFB700BE8374 /* Supportings */,
			);
			path = RecipeRoamer;
			sourceTree = "<group>";
		};
		C2C7E3EC2B63DE7300BE8374 /* RecipeRoamerTests */ = {
			isa = PBXGroup;
			children = (
				C2C7E3ED2B63DE7300BE8374 /* RecipeRoamerTests.swift */,
			);
			path = RecipeRoamerTests;
			sourceTree = "<group>";
		};
		C2C7E3F62B63DE7300BE8374 /* RecipeRoamerUITests */ = {
			isa = PBXGroup;
			children = (
				C2C7E3F72B63DE7300BE8374 /* RecipeRoamerUITests.swift */,
				C2C7E3F92B63DE7300BE8374 /* RecipeRoamerUITestsLaunchTests.swift */,
			);
			path = RecipeRoamerUITests;
			sourceTree = "<group>";
		};
		C2C7E4062B63DF7B00BE8374 /* App */ = {
			isa = PBXGroup;
			children = (
				C2C7E3D62B63DE7100BE8374 /* AppDelegate.swift */,
				C2C7E3D82B63DE7100BE8374 /* SceneDelegate.swift */,
			);
			path = App;
			sourceTree = "<group>";
		};
		C2C7E4072B63DF8500BE8374 /* Recources */ = {
			isa = PBXGroup;
			children = (
				C2C7E3DF2B63DE7300BE8374 /* Assets.xcassets */,
				C2C7E3E12B63DE7300BE8374 /* LaunchScreen.storyboard */,
			);
			path = Recources;
			sourceTree = "<group>";
		};
		C2C7E4082B63DFB700BE8374 /* Supportings */ = {
			isa = PBXGroup;
			children = (
				C2C7E4092B63DFCA00BE8374 /* Extensions */,
				C2C7E3E42B63DE7300BE8374 /* Info.plist */,
			);
			path = Supportings;
			sourceTree = "<group>";
		};
		C2C7E4092B63DFCA00BE8374 /* Extensions */ = {
			isa = PBXGroup;
			children = (
				C2C7E40A2B63E03500BE8374 /* UIView+Ext.swift */,
				C24796F42B67E1A20036EB22 /* UIViewController+Ext.swift */,
			);
			path = Extensions;
			sourceTree = "<group>";
		};
		C2C7E4152B63E1FE00BE8374 /* Modules */ = {
			isa = PBXGroup;
			children = (
				C2C7E4172B63E20600BE8374 /* MealList */,
				C2C7E4162B63E20400BE8374 /* MealRecipe */,
			);
			path = Modules;
			sourceTree = "<group>";
		};
		C2C7E4162B63E20400BE8374 /* MealRecipe */ = {
			isa = PBXGroup;
			children = (
				C2C7E4232B63E39300BE8374 /* View */,
				C2C7E4222B63E39200BE8374 /* Interactor */,
				C2C7E4212B63E39100BE8374 /* Presenter */,
				C2C7E41F2B63E38F00BE8374 /* Builder */,
			);
			path = MealRecipe;
			sourceTree = "<group>";
		};
		C2C7E4172B63E20600BE8374 /* MealList */ = {
			isa = PBXGroup;
			children = (
				C2C7E41E2B63E25D00BE8374 /* View */,
				C2C7E41D2B63E25C00BE8374 /* Interactor */,
				C2C7E41C2B63E25900BE8374 /* Presenter */,
				C2C7E41B2B63E25700BE8374 /* Entity */,
				C2C7E41A2B63E25400BE8374 /* Router */,
				C2C7E4182B63E24D00BE8374 /* Builder */,
			);
			path = MealList;
			sourceTree = "<group>";
		};
		C2C7E4182B63E24D00BE8374 /* Builder */ = {
			isa = PBXGroup;
			children = (
				C2C7E42E2B63F2C200BE8374 /* MealListBuilder.swift */,
			);
			path = Builder;
			sourceTree = "<group>";
		};
		C2C7E41A2B63E25400BE8374 /* Router */ = {
			isa = PBXGroup;
			children = (
				C2C7E42C2B63F2BB00BE8374 /* MealListRouter.swift */,
			);
			path = Router;
			sourceTree = "<group>";
		};
		C2C7E41B2B63E25700BE8374 /* Entity */ = {
			isa = PBXGroup;
			children = (
				C2C7E42A2B63F2AB00BE8374 /* Meal.swift */,
			);
			path = Entity;
			sourceTree = "<group>";
		};
		C2C7E41C2B63E25900BE8374 /* Presenter */ = {
			isa = PBXGroup;
			children = (
				C2C7E4282B63EFB000BE8374 /* MealListPresenter.swift */,
			);
			path = Presenter;
			sourceTree = "<group>";
		};
		C2C7E41D2B63E25C00BE8374 /* Interactor */ = {
			isa = PBXGroup;
			children = (
				C2C7E4262B63EFA500BE8374 /* MealListInteractor.swift */,
			);
			path = Interactor;
			sourceTree = "<group>";
		};
		C2C7E41E2B63E25D00BE8374 /* View */ = {
			isa = PBXGroup;
			children = (
				C2C7E4332B6402C900BE8374 /* MealListView.swift */,
				C2C7E4242B63EC0D00BE8374 /* MealListViewController.swift */,
				C2C7E4302B63F36500BE8374 /* Cell */,
			);
			path = View;
			sourceTree = "<group>";
		};
		C2C7E41F2B63E38F00BE8374 /* Builder */ = {
			isa = PBXGroup;
			children = (
				C2C7E43D2B65466100BE8374 /* MealRecipeBuilder.swift */,
			);
			path = Builder;
			sourceTree = "<group>";
		};
		C2C7E4212B63E39100BE8374 /* Presenter */ = {
			isa = PBXGroup;
			children = (
				C2C7E43B2B65464A00BE8374 /* MealRecipePresenter.swift */,
			);
			path = Presenter;
			sourceTree = "<group>";
		};
		C2C7E4222B63E39200BE8374 /* Interactor */ = {
			isa = PBXGroup;
			children = (
				C2C7E4392B65463A00BE8374 /* MealRecipeInteractor.swift */,
			);
			path = Interactor;
			sourceTree = "<group>";
		};
		C2C7E4232B63E39300BE8374 /* View */ = {
			isa = PBXGroup;
			children = (
				C2C7E43F2B6563DD00BE8374 /* Header */,
				C2C7E4352B65461200BE8374 /* MealRecipeView.swift */,
				C2C7E4372B65462500BE8374 /* MealRecipeViewController.swift */,
			);
			path = View;
			sourceTree = "<group>";
		};
		C2C7E4302B63F36500BE8374 /* Cell */ = {
			isa = PBXGroup;
			children = (
				C2C7E4312B63F37900BE8374 /* MealCollectionViewCell.swift */,
			);
			path = Cell;
			sourceTree = "<group>";
		};
		C2C7E43F2B6563DD00BE8374 /* Header */ = {
			isa = PBXGroup;
			children = (
				C2C7E4402B6563F700BE8374 /* MealRecipeHeaderView.swift */,
			);
			path = Header;
			sourceTree = "<group>";
		};
/* End PBXGroup section */

/* Begin PBXNativeTarget section */
		C2C7E3D22B63DE7100BE8374 /* RecipeRoamer */ = {
			isa = PBXNativeTarget;
			buildConfigurationList = C2C7E3FD2B63DE7300BE8374 /* Build configuration list for PBXNativeTarget "RecipeRoamer" */;
			buildPhases = (
				C2C7E3CF2B63DE7100BE8374 /* Sources */,
				C2C7E3D02B63DE7100BE8374 /* Frameworks */,
				C2C7E3D12B63DE7100BE8374 /* Resources */,
			);
			buildRules = (
			);
			dependencies = (
			);
			name = RecipeRoamer;
			packageProductDependencies = (
				C2C7E40D2B63E13A00BE8374 /* Moya */,
				C2C7E4102B63E18200BE8374 /* Kingfisher */,
				C2C7E4132B63E19E00BE8374 /* JGProgressHUD */,
			);
			productName = RecipeRoamer;
			productReference = C2C7E3D32B63DE7100BE8374 /* RecipeRoamer.app */;
			productType = "com.apple.product-type.application";
		};
		C2C7E3E82B63DE7300BE8374 /* RecipeRoamerTests */ = {
			isa = PBXNativeTarget;
			buildConfigurationList = C2C7E4002B63DE7300BE8374 /* Build configuration list for PBXNativeTarget "RecipeRoamerTests" */;
			buildPhases = (
				C2C7E3E52B63DE7300BE8374 /* Sources */,
				C2C7E3E62B63DE7300BE8374 /* Frameworks */,
				C2C7E3E72B63DE7300BE8374 /* Resources */,
			);
			buildRules = (
			);
			dependencies = (
				C2C7E3EB2B63DE7300BE8374 /* PBXTargetDependency */,
			);
			name = RecipeRoamerTests;
			productName = RecipeRoamerTests;
			productReference = C2C7E3E92B63DE7300BE8374 /* RecipeRoamerTests.xctest */;
			productType = "com.apple.product-type.bundle.unit-test";
		};
		C2C7E3F22B63DE7300BE8374 /* RecipeRoamerUITests */ = {
			isa = PBXNativeTarget;
			buildConfigurationList = C2C7E4032B63DE7300BE8374 /* Build configuration list for PBXNativeTarget "RecipeRoamerUITests" */;
			buildPhases = (
				C2C7E3EF2B63DE7300BE8374 /* Sources */,
				C2C7E3F02B63DE7300BE8374 /* Frameworks */,
				C2C7E3F12B63DE7300BE8374 /* Resources */,
			);
			buildRules = (
			);
			dependencies = (
				C2C7E3F52B63DE7300BE8374 /* PBXTargetDependency */,
			);
			name = RecipeRoamerUITests;
			productName = RecipeRoamerUITests;
			productReference = C2C7E3F32B63DE7300BE8374 /* RecipeRoamerUITests.xctest */;
			productType = "com.apple.product-type.bundle.ui-testing";
		};
/* End PBXNativeTarget section */

/* Begin PBXProject section */
		C2C7E3CB2B63DE7100BE8374 /* Project object */ = {
			isa = PBXProject;
			attributes = {
				BuildIndependentTargetsInParallel = 1;
				LastSwiftUpdateCheck = 1520;
				LastUpgradeCheck = 1520;
				TargetAttributes = {
					C2C7E3D22B63DE7100BE8374 = {
						CreatedOnToolsVersion = 15.2;
					};
					C2C7E3E82B63DE7300BE8374 = {
						CreatedOnToolsVersion = 15.2;
						TestTargetID = C2C7E3D22B63DE7100BE8374;
					};
					C2C7E3F22B63DE7300BE8374 = {
						CreatedOnToolsVersion = 15.2;
						TestTargetID = C2C7E3D22B63DE7100BE8374;
					};
				};
			};
			buildConfigurationList = C2C7E3CE2B63DE7100BE8374 /* Build configuration list for PBXProject "RecipeRoamer" */;
			compatibilityVersion = "Xcode 14.0";
			developmentRegion = en;
			hasScannedForEncodings = 0;
			knownRegions = (
				en,
				Base,
			);
			mainGroup = C2C7E3CA2B63DE7100BE8374;
			packageReferences = (
				C2C7E40C2B63E13A00BE8374 /* XCRemoteSwiftPackageReference "Moya" */,
				C2C7E40F2B63E18200BE8374 /* XCRemoteSwiftPackageReference "Kingfisher" */,
				C2C7E4122B63E19E00BE8374 /* XCRemoteSwiftPackageReference "JGProgressHUD" */,
			);
			productRefGroup = C2C7E3D42B63DE7100BE8374 /* Products */;
			projectDirPath = "";
			projectRoot = "";
			targets = (
				C2C7E3D22B63DE7100BE8374 /* RecipeRoamer */,
				C2C7E3E82B63DE7300BE8374 /* RecipeRoamerTests */,
				C2C7E3F22B63DE7300BE8374 /* RecipeRoamerUITests */,
			);
		};
/* End PBXProject section */

/* Begin PBXResourcesBuildPhase section */
		C2C7E3D12B63DE7100BE8374 /* Resources */ = {
			isa = PBXResourcesBuildPhase;
			buildActionMask = 2147483647;
			files = (
				C2C7E3E32B63DE7300BE8374 /* LaunchScreen.storyboard in Resources */,
				C2C7E3E02B63DE7300BE8374 /* Assets.xcassets in Resources */,
			);
			runOnlyForDeploymentPostprocessing = 0;
		};
		C2C7E3E72B63DE7300BE8374 /* Resources */ = {
			isa = PBXResourcesBuildPhase;
			buildActionMask = 2147483647;
			files = (
			);
			runOnlyForDeploymentPostprocessing = 0;
		};
		C2C7E3F12B63DE7300BE8374 /* Resources */ = {
			isa = PBXResourcesBuildPhase;
			buildActionMask = 2147483647;
			files = (
			);
			runOnlyForDeploymentPostprocessing = 0;
		};
/* End PBXResourcesBuildPhase section */

/* Begin PBXSourcesBuildPhase section */
		C2C7E3CF2B63DE7100BE8374 /* Sources */ = {
			isa = PBXSourcesBuildPhase;
			buildActionMask = 2147483647;
			files = (
				C24796EB2B66CF8A0036EB22 /* NetworkManager.swift in Sources */,
				C24796EE2B66D03E0036EB22 /* MealAPI.swift in Sources */,
				C24796F52B67E1A20036EB22 /* UIViewController+Ext.swift in Sources */,
				C2C7E43E2B65466100BE8374 /* MealRecipeBuilder.swift in Sources */,
				C2C7E4412B6563F700BE8374 /* MealRecipeHeaderView.swift in Sources */,
				C2C7E40B2B63E03500BE8374 /* UIView+Ext.swift in Sources */,
				C2C7E43A2B65463A00BE8374 /* MealRecipeInteractor.swift in Sources */,
				C2C7E4382B65462500BE8374 /* MealRecipeViewController.swift in Sources */,
				C2A0833C2B6A7CE7007573F0 /* MealService.swift in Sources */,
				C2C7E4362B65461200BE8374 /* MealRecipeView.swift in Sources */,
				C2C7E4252B63EC0D00BE8374 /* MealListViewController.swift in Sources */,
				C2C7E4272B63EFA500BE8374 /* MealListInteractor.swift in Sources */,
				C2C7E42F2B63F2C200BE8374 /* MealListBuilder.swift in Sources */,
				C24796F12B67ADE10036EB22 /* MealListResponse.swift in Sources */,
				C2C7E42D2B63F2BB00BE8374 /* MealListRouter.swift in Sources */,
				C2C7E4322B63F37900BE8374 /* MealCollectionViewCell.swift in Sources */,
				C2C7E3D72B63DE7100BE8374 /* AppDelegate.swift in Sources */,
				C2C7E43C2B65464A00BE8374 /* MealRecipePresenter.swift in Sources */,
				C2C7E4342B6402C900BE8374 /* MealListView.swift in Sources */,
				C2C7E3D92B63DE7100BE8374 /* SceneDelegate.swift in Sources */,
				C2C7E42B2B63F2AB00BE8374 /* Meal.swift in Sources */,
				C2C7E4292B63EFB000BE8374 /* MealListPresenter.swift in Sources */,
			);
			runOnlyForDeploymentPostprocessing = 0;
		};
		C2C7E3E52B63DE7300BE8374 /* Sources */ = {
			isa = PBXSourcesBuildPhase;
			buildActionMask = 2147483647;
			files = (
				C2C7E3EE2B63DE7300BE8374 /* RecipeRoamerTests.swift in Sources */,
			);
			runOnlyForDeploymentPostprocessing = 0;
		};
		C2C7E3EF2B63DE7300BE8374 /* Sources */ = {
			isa = PBXSourcesBuildPhase;
			buildActionMask = 2147483647;
			files = (
				C2C7E3FA2B63DE7300BE8374 /* RecipeRoamerUITestsLaunchTests.swift in Sources */,
				C2C7E3F82B63DE7300BE8374 /* RecipeRoamerUITests.swift in Sources */,
			);
			runOnlyForDeploymentPostprocessing = 0;
		};
/* End PBXSourcesBuildPhase section */

/* Begin PBXTargetDependency section */
		C2C7E3EB2B63DE7300BE8374 /* PBXTargetDependency */ = {
			isa = PBXTargetDependency;
			target = C2C7E3D22B63DE7100BE8374 /* RecipeRoamer */;
			targetProxy = C2C7E3EA2B63DE7300BE8374 /* PBXContainerItemProxy */;
		};
		C2C7E3F52B63DE7300BE8374 /* PBXTargetDependency */ = {
			isa = PBXTargetDependency;
			target = C2C7E3D22B63DE7100BE8374 /* RecipeRoamer */;
			targetProxy = C2C7E3F42B63DE7300BE8374 /* PBXContainerItemProxy */;
		};
/* End PBXTargetDependency section */

/* Begin PBXVariantGroup section */
		C2C7E3E12B63DE7300BE8374 /* LaunchScreen.storyboard */ = {
			isa = PBXVariantGroup;
			children = (
				C2C7E3E22B63DE7300BE8374 /* Base */,
			);
			name = LaunchScreen.storyboard;
			sourceTree = "<group>";
		};
/* End PBXVariantGroup section */

/* Begin XCBuildConfiguration section */
		C2C7E3FB2B63DE7300BE8374 /* Debug */ = {
			isa = XCBuildConfiguration;
			buildSettings = {
				ALWAYS_SEARCH_USER_PATHS = NO;
				ASSETCATALOG_COMPILER_GENERATE_SWIFT_ASSET_SYMBOL_EXTENSIONS = YES;
				CLANG_ANALYZER_NONNULL = YES;
				CLANG_ANALYZER_NUMBER_OBJECT_CONVERSION = YES_AGGRESSIVE;
				CLANG_CXX_LANGUAGE_STANDARD = "gnu++20";
				CLANG_ENABLE_MODULES = YES;
				CLANG_ENABLE_OBJC_ARC = YES;
				CLANG_ENABLE_OBJC_WEAK = YES;
				CLANG_WARN_BLOCK_CAPTURE_AUTORELEASING = YES;
				CLANG_WARN_BOOL_CONVERSION = YES;
				CLANG_WARN_COMMA = YES;
				CLANG_WARN_CONSTANT_CONVERSION = YES;
				CLANG_WARN_DEPRECATED_OBJC_IMPLEMENTATIONS = YES;
				CLANG_WARN_DIRECT_OBJC_ISA_USAGE = YES_ERROR;
				CLANG_WARN_DOCUMENTATION_COMMENTS = YES;
				CLANG_WARN_EMPTY_BODY = YES;
				CLANG_WARN_ENUM_CONVERSION = YES;
				CLANG_WARN_INFINITE_RECURSION = YES;
				CLANG_WARN_INT_CONVERSION = YES;
				CLANG_WARN_NON_LITERAL_NULL_CONVERSION = YES;
				CLANG_WARN_OBJC_IMPLICIT_RETAIN_SELF = YES;
				CLANG_WARN_OBJC_LITERAL_CONVERSION = YES;
				CLANG_WARN_OBJC_ROOT_CLASS = YES_ERROR;
				CLANG_WARN_QUOTED_INCLUDE_IN_FRAMEWORK_HEADER = YES;
				CLANG_WARN_RANGE_LOOP_ANALYSIS = YES;
				CLANG_WARN_STRICT_PROTOTYPES = YES;
				CLANG_WARN_SUSPICIOUS_MOVE = YES;
				CLANG_WARN_UNGUARDED_AVAILABILITY = YES_AGGRESSIVE;
				CLANG_WARN_UNREACHABLE_CODE = YES;
				CLANG_WARN__DUPLICATE_METHOD_MATCH = YES;
				COPY_PHASE_STRIP = NO;
				DEBUG_INFORMATION_FORMAT = dwarf;
				ENABLE_STRICT_OBJC_MSGSEND = YES;
				ENABLE_TESTABILITY = YES;
				ENABLE_USER_SCRIPT_SANDBOXING = YES;
				GCC_C_LANGUAGE_STANDARD = gnu17;
				GCC_DYNAMIC_NO_PIC = NO;
				GCC_NO_COMMON_BLOCKS = YES;
				GCC_OPTIMIZATION_LEVEL = 0;
				GCC_PREPROCESSOR_DEFINITIONS = (
					"DEBUG=1",
					"$(inherited)",
				);
				GCC_WARN_64_TO_32_BIT_CONVERSION = YES;
				GCC_WARN_ABOUT_RETURN_TYPE = YES_ERROR;
				GCC_WARN_UNDECLARED_SELECTOR = YES;
				GCC_WARN_UNINITIALIZED_AUTOS = YES_AGGRESSIVE;
				GCC_WARN_UNUSED_FUNCTION = YES;
				GCC_WARN_UNUSED_VARIABLE = YES;
				IPHONEOS_DEPLOYMENT_TARGET = 17.2;
				LOCALIZATION_PREFERS_STRING_CATALOGS = YES;
				MTL_ENABLE_DEBUG_INFO = INCLUDE_SOURCE;
				MTL_FAST_MATH = YES;
				ONLY_ACTIVE_ARCH = YES;
				SDKROOT = iphoneos;
				SWIFT_ACTIVE_COMPILATION_CONDITIONS = "DEBUG $(inherited)";
				SWIFT_OPTIMIZATION_LEVEL = "-Onone";
			};
			name = Debug;
		};
		C2C7E3FC2B63DE7300BE8374 /* Release */ = {
			isa = XCBuildConfiguration;
			buildSettings = {
				ALWAYS_SEARCH_USER_PATHS = NO;
				ASSETCATALOG_COMPILER_GENERATE_SWIFT_ASSET_SYMBOL_EXTENSIONS = YES;
				CLANG_ANALYZER_NONNULL = YES;
				CLANG_ANALYZER_NUMBER_OBJECT_CONVERSION = YES_AGGRESSIVE;
				CLANG_CXX_LANGUAGE_STANDARD = "gnu++20";
				CLANG_ENABLE_MODULES = YES;
				CLANG_ENABLE_OBJC_ARC = YES;
				CLANG_ENABLE_OBJC_WEAK = YES;
				CLANG_WARN_BLOCK_CAPTURE_AUTORELEASING = YES;
				CLANG_WARN_BOOL_CONVERSION = YES;
				CLANG_WARN_COMMA = YES;
				CLANG_WARN_CONSTANT_CONVERSION = YES;
				CLANG_WARN_DEPRECATED_OBJC_IMPLEMENTATIONS = YES;
				CLANG_WARN_DIRECT_OBJC_ISA_USAGE = YES_ERROR;
				CLANG_WARN_DOCUMENTATION_COMMENTS = YES;
				CLANG_WARN_EMPTY_BODY = YES;
				CLANG_WARN_ENUM_CONVERSION = YES;
				CLANG_WARN_INFINITE_RECURSION = YES;
				CLANG_WARN_INT_CONVERSION = YES;
				CLANG_WARN_NON_LITERAL_NULL_CONVERSION = YES;
				CLANG_WARN_OBJC_IMPLICIT_RETAIN_SELF = YES;
				CLANG_WARN_OBJC_LITERAL_CONVERSION = YES;
				CLANG_WARN_OBJC_ROOT_CLASS = YES_ERROR;
				CLANG_WARN_QUOTED_INCLUDE_IN_FRAMEWORK_HEADER = YES;
				CLANG_WARN_RANGE_LOOP_ANALYSIS = YES;
				CLANG_WARN_STRICT_PROTOTYPES = YES;
				CLANG_WARN_SUSPICIOUS_MOVE = YES;
				CLANG_WARN_UNGUARDED_AVAILABILITY = YES_AGGRESSIVE;
				CLANG_WARN_UNREACHABLE_CODE = YES;
				CLANG_WARN__DUPLICATE_METHOD_MATCH = YES;
				COPY_PHASE_STRIP = NO;
				DEBUG_INFORMATION_FORMAT = "dwarf-with-dsym";
				ENABLE_NS_ASSERTIONS = NO;
				ENABLE_STRICT_OBJC_MSGSEND = YES;
				ENABLE_USER_SCRIPT_SANDBOXING = YES;
				GCC_C_LANGUAGE_STANDARD = gnu17;
				GCC_NO_COMMON_BLOCKS = YES;
				GCC_WARN_64_TO_32_BIT_CONVERSION = YES;
				GCC_WARN_ABOUT_RETURN_TYPE = YES_ERROR;
				GCC_WARN_UNDECLARED_SELECTOR = YES;
				GCC_WARN_UNINITIALIZED_AUTOS = YES_AGGRESSIVE;
				GCC_WARN_UNUSED_FUNCTION = YES;
				GCC_WARN_UNUSED_VARIABLE = YES;
				IPHONEOS_DEPLOYMENT_TARGET = 17.2;
				LOCALIZATION_PREFERS_STRING_CATALOGS = YES;
				MTL_ENABLE_DEBUG_INFO = NO;
				MTL_FAST_MATH = YES;
				SDKROOT = iphoneos;
				SWIFT_COMPILATION_MODE = wholemodule;
				VALIDATE_PRODUCT = YES;
			};
			name = Release;
		};
		C2C7E3FE2B63DE7300BE8374 /* Debug */ = {
			isa = XCBuildConfiguration;
			buildSettings = {
				ASSETCATALOG_COMPILER_APPICON_NAME = AppIcon;
				ASSETCATALOG_COMPILER_GLOBAL_ACCENT_COLOR_NAME = AccentColor;
				CODE_SIGN_STYLE = Automatic;
				CURRENT_PROJECT_VERSION = 1;
				DEVELOPMENT_TEAM = 6Y92LH56N8;
				GENERATE_INFOPLIST_FILE = YES;
				INFOPLIST_FILE = RecipeRoamer/Supportings/Info.plist;
				INFOPLIST_KEY_UIApplicationSupportsIndirectInputEvents = YES;
				INFOPLIST_KEY_UILaunchStoryboardName = LaunchScreen;
				INFOPLIST_KEY_UISupportedInterfaceOrientations_iPad = "UIInterfaceOrientationPortrait UIInterfaceOrientationPortraitUpsideDown UIInterfaceOrientationLandscapeLeft UIInterfaceOrientationLandscapeRight";
				INFOPLIST_KEY_UISupportedInterfaceOrientations_iPhone = "UIInterfaceOrientationPortrait UIInterfaceOrientationLandscapeLeft UIInterfaceOrientationLandscapeRight";
				INFOPLIST_KEY_UIUserInterfaceStyle = Light;
				LD_RUNPATH_SEARCH_PATHS = (
					"$(inherited)",
					"@executable_path/Frameworks",
				);
				MARKETING_VERSION = 1.0;
				PRODUCT_BUNDLE_IDENTIFIER = com.alphanogn.RecipeRoamer;
				PRODUCT_NAME = "$(TARGET_NAME)";
				SWIFT_EMIT_LOC_STRINGS = YES;
				SWIFT_VERSION = 5.0;
				TARGETED_DEVICE_FAMILY = "1,2";
			};
			name = Debug;
		};
		C2C7E3FF2B63DE7300BE8374 /* Release */ = {
			isa = XCBuildConfiguration;
			buildSettings = {
				ASSETCATALOG_COMPILER_APPICON_NAME = AppIcon;
				ASSETCATALOG_COMPILER_GLOBAL_ACCENT_COLOR_NAME = AccentColor;
				CODE_SIGN_STYLE = Automatic;
				CURRENT_PROJECT_VERSION = 1;
				DEVELOPMENT_TEAM = 6Y92LH56N8;
				GENERATE_INFOPLIST_FILE = YES;
				INFOPLIST_FILE = RecipeRoamer/Supportings/Info.plist;
				INFOPLIST_KEY_UIApplicationSupportsIndirectInputEvents = YES;
				INFOPLIST_KEY_UILaunchStoryboardName = LaunchScreen;
				INFOPLIST_KEY_UISupportedInterfaceOrientations_iPad = "UIInterfaceOrientationPortrait UIInterfaceOrientationPortraitUpsideDown UIInterfaceOrientationLandscapeLeft UIInterfaceOrientationLandscapeRight";
				INFOPLIST_KEY_UISupportedInterfaceOrientations_iPhone = "UIInterfaceOrientationPortrait UIInterfaceOrientationLandscapeLeft UIInterfaceOrientationLandscapeRight";
				INFOPLIST_KEY_UIUserInterfaceStyle = Light;
				LD_RUNPATH_SEARCH_PATHS = (
					"$(inherited)",
					"@executable_path/Frameworks",
				);
				MARKETING_VERSION = 1.0;
				PRODUCT_BUNDLE_IDENTIFIER = com.alphanogn.RecipeRoamer;
				PRODUCT_NAME = "$(TARGET_NAME)";
				SWIFT_EMIT_LOC_STRINGS = YES;
				SWIFT_VERSION = 5.0;
				TARGETED_DEVICE_FAMILY = "1,2";
			};
			name = Release;
		};
		C2C7E4012B63DE7300BE8374 /* Debug */ = {
			isa = XCBuildConfiguration;
			buildSettings = {
				ALWAYS_EMBED_SWIFT_STANDARD_LIBRARIES = YES;
				BUNDLE_LOADER = "$(TEST_HOST)";
				CODE_SIGN_STYLE = Automatic;
				CURRENT_PROJECT_VERSION = 1;
				DEVELOPMENT_TEAM = 6Y92LH56N8;
				GENERATE_INFOPLIST_FILE = YES;
				IPHONEOS_DEPLOYMENT_TARGET = 17.2;
				MARKETING_VERSION = 1.0;
				PRODUCT_BUNDLE_IDENTIFIER = com.alphanogn.RecipeRoamerTests;
				PRODUCT_NAME = "$(TARGET_NAME)";
				SWIFT_EMIT_LOC_STRINGS = NO;
				SWIFT_VERSION = 5.0;
				TARGETED_DEVICE_FAMILY = "1,2";
				TEST_HOST = "$(BUILT_PRODUCTS_DIR)/RecipeRoamer.app/$(BUNDLE_EXECUTABLE_FOLDER_PATH)/RecipeRoamer";
			};
			name = Debug;
		};
		C2C7E4022B63DE7300BE8374 /* Release */ = {
			isa = XCBuildConfiguration;
			buildSettings = {
				ALWAYS_EMBED_SWIFT_STANDARD_LIBRARIES = YES;
				BUNDLE_LOADER = "$(TEST_HOST)";
				CODE_SIGN_STYLE = Automatic;
				CURRENT_PROJECT_VERSION = 1;
				DEVELOPMENT_TEAM = 6Y92LH56N8;
				GENERATE_INFOPLIST_FILE = YES;
				IPHONEOS_DEPLOYMENT_TARGET = 17.2;
				MARKETING_VERSION = 1.0;
				PRODUCT_BUNDLE_IDENTIFIER = com.alphanogn.RecipeRoamerTests;
				PRODUCT_NAME = "$(TARGET_NAME)";
				SWIFT_EMIT_LOC_STRINGS = NO;
				SWIFT_VERSION = 5.0;
				TARGETED_DEVICE_FAMILY = "1,2";
				TEST_HOST = "$(BUILT_PRODUCTS_DIR)/RecipeRoamer.app/$(BUNDLE_EXECUTABLE_FOLDER_PATH)/RecipeRoamer";
			};
			name = Release;
		};
		C2C7E4042B63DE7300BE8374 /* Debug */ = {
			isa = XCBuildConfiguration;
			buildSettings = {
				ALWAYS_EMBED_SWIFT_STANDARD_LIBRARIES = YES;
				CODE_SIGN_STYLE = Automatic;
				CURRENT_PROJECT_VERSION = 1;
				DEVELOPMENT_TEAM = 6Y92LH56N8;
				GENERATE_INFOPLIST_FILE = YES;
				MARKETING_VERSION = 1.0;
				PRODUCT_BUNDLE_IDENTIFIER = com.alphanogn.RecipeRoamerUITests;
				PRODUCT_NAME = "$(TARGET_NAME)";
				SWIFT_EMIT_LOC_STRINGS = NO;
				SWIFT_VERSION = 5.0;
				TARGETED_DEVICE_FAMILY = "1,2";
				TEST_TARGET_NAME = RecipeRoamer;
			};
			name = Debug;
		};
		C2C7E4052B63DE7300BE8374 /* Release */ = {
			isa = XCBuildConfiguration;
			buildSettings = {
				ALWAYS_EMBED_SWIFT_STANDARD_LIBRARIES = YES;
				CODE_SIGN_STYLE = Automatic;
				CURRENT_PROJECT_VERSION = 1;
				DEVELOPMENT_TEAM = 6Y92LH56N8;
				GENERATE_INFOPLIST_FILE = YES;
				MARKETING_VERSION = 1.0;
				PRODUCT_BUNDLE_IDENTIFIER = com.alphanogn.RecipeRoamerUITests;
				PRODUCT_NAME = "$(TARGET_NAME)";
				SWIFT_EMIT_LOC_STRINGS = NO;
				SWIFT_VERSION = 5.0;
				TARGETED_DEVICE_FAMILY = "1,2";
				TEST_TARGET_NAME = RecipeRoamer;
			};
			name = Release;
		};
/* End XCBuildConfiguration section */

/* Begin XCConfigurationList section */
		C2C7E3CE2B63DE7100BE8374 /* Build configuration list for PBXProject "RecipeRoamer" */ = {
			isa = XCConfigurationList;
			buildConfigurations = (
				C2C7E3FB2B63DE7300BE8374 /* Debug */,
				C2C7E3FC2B63DE7300BE8374 /* Release */,
			);
			defaultConfigurationIsVisible = 0;
			defaultConfigurationName = Release;
		};
		C2C7E3FD2B63DE7300BE8374 /* Build configuration list for PBXNativeTarget "RecipeRoamer" */ = {
			isa = XCConfigurationList;
			buildConfigurations = (
				C2C7E3FE2B63DE7300BE8374 /* Debug */,
				C2C7E3FF2B63DE7300BE8374 /* Release */,
			);
			defaultConfigurationIsVisible = 0;
			defaultConfigurationName = Release;
		};
		C2C7E4002B63DE7300BE8374 /* Build configuration list for PBXNativeTarget "RecipeRoamerTests" */ = {
			isa = XCConfigurationList;
			buildConfigurations = (
				C2C7E4012B63DE7300BE8374 /* Debug */,
				C2C7E4022B63DE7300BE8374 /* Release */,
			);
			defaultConfigurationIsVisible = 0;
			defaultConfigurationName = Release;
		};
		C2C7E4032B63DE7300BE8374 /* Build configuration list for PBXNativeTarget "RecipeRoamerUITests" */ = {
			isa = XCConfigurationList;
			buildConfigurations = (
				C2C7E4042B63DE7300BE8374 /* Debug */,
				C2C7E4052B63DE7300BE8374 /* Release */,
			);
			defaultConfigurationIsVisible = 0;
			defaultConfigurationName = Release;
		};
/* End XCConfigurationList section */

/* Begin XCRemoteSwiftPackageReference section */
		C2C7E40C2B63E13A00BE8374 /* XCRemoteSwiftPackageReference "Moya" */ = {
			isa = XCRemoteSwiftPackageReference;
			repositoryURL = "https://github.com/Moya/Moya.git";
			requirement = {
				kind = upToNextMajorVersion;
				minimumVersion = 15.0.3;
			};
		};
		C2C7E40F2B63E18200BE8374 /* XCRemoteSwiftPackageReference "Kingfisher" */ = {
			isa = XCRemoteSwiftPackageReference;
			repositoryURL = "https://github.com/onevcat/Kingfisher.git";
			requirement = {
				kind = upToNextMajorVersion;
				minimumVersion = 7.10.2;
			};
		};
		C2C7E4122B63E19E00BE8374 /* XCRemoteSwiftPackageReference "JGProgressHUD" */ = {
			isa = XCRemoteSwiftPackageReference;
			repositoryURL = "https://github.com/JonasGessner/JGProgressHUD.git";
			requirement = {
				kind = upToNextMajorVersion;
				minimumVersion = 2.2.0;
			};
		};
/* End XCRemoteSwiftPackageReference section */

/* Begin XCSwiftPackageProductDependency section */
		C2C7E40D2B63E13A00BE8374 /* Moya */ = {
			isa = XCSwiftPackageProductDependency;
			package = C2C7E40C2B63E13A00BE8374 /* XCRemoteSwiftPackageReference "Moya" */;
			productName = Moya;
		};
		C2C7E4102B63E18200BE8374 /* Kingfisher */ = {
			isa = XCSwiftPackageProductDependency;
			package = C2C7E40F2B63E18200BE8374 /* XCRemoteSwiftPackageReference "Kingfisher" */;
			productName = Kingfisher;
		};
		C2C7E4132B63E19E00BE8374 /* JGProgressHUD */ = {
			isa = XCSwiftPackageProductDependency;
			package = C2C7E4122B63E19E00BE8374 /* XCRemoteSwiftPackageReference "JGProgressHUD" */;
			productName = JGProgressHUD;
		};
/* End XCSwiftPackageProductDependency section */
	};
	rootObject = C2C7E3CB2B63DE7100BE8374 /* Project object */;
}
